{
    "version": 3,
    "terraform_version": "0.11.2",
    "serial": 1,
    "lineage": "f90572ae-19d8-43bf-ac4c-4cc70860d61d",
    "modules": [
        {
            "path": [
                "root"
            ],
            "outputs": {},
            "resources": {
                "azurerm_availability_set.app_avset": {
                    "type": "azurerm_availability_set",
                    "depends_on": [
                        "azurerm_resource_group.rg"
                    ],
                    "primary": {
                        "id": "/subscriptions/72aa545d-e1e2-4b4e-ade4-34ef397aca13/resourceGroups/test_mvp/providers/Microsoft.Compute/availabilitySets/lpgavset",
                        "attributes": {
                            "id": "/subscriptions/72aa545d-e1e2-4b4e-ade4-34ef397aca13/resourceGroups/test_mvp/providers/Microsoft.Compute/availabilitySets/lpgavset",
                            "location": "uksouth",
                            "managed": "true",
                            "name": "lpgavset",
                            "platform_fault_domain_count": "2",
                            "platform_update_domain_count": "2",
                            "resource_group_name": "test_mvp",
                            "tags.%": "0"
                        },
                        "meta": {},
                        "tainted": false
                    },
                    "deposed": [],
                    "provider": "provider.azurerm"
                },
                "azurerm_availability_set.data_avset": {
                    "type": "azurerm_availability_set",
                    "depends_on": [
                        "azurerm_resource_group.rg"
                    ],
                    "primary": {
                        "id": "/subscriptions/72aa545d-e1e2-4b4e-ade4-34ef397aca13/resourceGroups/test_mvp/providers/Microsoft.Compute/availabilitySets/lpgavset",
                        "attributes": {
                            "id": "/subscriptions/72aa545d-e1e2-4b4e-ade4-34ef397aca13/resourceGroups/test_mvp/providers/Microsoft.Compute/availabilitySets/lpgavset",
                            "location": "uksouth",
                            "managed": "true",
                            "name": "lpgavset",
                            "platform_fault_domain_count": "2",
                            "platform_update_domain_count": "2",
                            "resource_group_name": "test_mvp",
                            "tags.%": "0"
                        },
                        "meta": {},
                        "tainted": false
                    },
                    "deposed": [],
                    "provider": "provider.azurerm"
                },
                "azurerm_availability_set.public_avset": {
                    "type": "azurerm_availability_set",
                    "depends_on": [
                        "azurerm_resource_group.rg"
                    ],
                    "primary": {
                        "id": "/subscriptions/72aa545d-e1e2-4b4e-ade4-34ef397aca13/resourceGroups/test_mvp/providers/Microsoft.Compute/availabilitySets/lpgavset",
                        "attributes": {
                            "id": "/subscriptions/72aa545d-e1e2-4b4e-ade4-34ef397aca13/resourceGroups/test_mvp/providers/Microsoft.Compute/availabilitySets/lpgavset",
                            "location": "uksouth",
                            "managed": "true",
                            "name": "lpgavset",
                            "platform_fault_domain_count": "2",
                            "platform_update_domain_count": "2",
                            "resource_group_name": "test_mvp",
                            "tags.%": "0"
                        },
                        "meta": {},
                        "tainted": false
                    },
                    "deposed": [],
                    "provider": "provider.azurerm"
                },
                "azurerm_managed_disk.app_datadisk": {
                    "type": "azurerm_managed_disk",
                    "depends_on": [
                        "azurerm_resource_group.rg"
                    ],
                    "primary": {
                        "id": "/subscriptions/72aa545d-e1e2-4b4e-ade4-34ef397aca13/resourceGroups/test_mvp/providers/Microsoft.Compute/disks/app-datadisk-01",
                        "attributes": {
                            "create_option": "Empty",
                            "disk_size_gb": "10",
                            "id": "/subscriptions/72aa545d-e1e2-4b4e-ade4-34ef397aca13/resourceGroups/test_mvp/providers/Microsoft.Compute/disks/app-datadisk-01",
                            "location": "uksouth",
                            "name": "app-datadisk-01",
                            "resource_group_name": "test_mvp",
                            "storage_account_type": "Standard_LRS",
                            "tags.%": "0"
                        },
                        "meta": {},
                        "tainted": false
                    },
                    "deposed": [],
                    "provider": "provider.azurerm"
                },
                "azurerm_managed_disk.data_datadisk": {
                    "type": "azurerm_managed_disk",
                    "depends_on": [
                        "azurerm_resource_group.rg"
                    ],
                    "primary": {
                        "id": "/subscriptions/72aa545d-e1e2-4b4e-ade4-34ef397aca13/resourceGroups/test_mvp/providers/Microsoft.Compute/disks/data-datadisk-01",
                        "attributes": {
                            "create_option": "Empty",
                            "disk_size_gb": "10",
                            "id": "/subscriptions/72aa545d-e1e2-4b4e-ade4-34ef397aca13/resourceGroups/test_mvp/providers/Microsoft.Compute/disks/data-datadisk-01",
                            "location": "uksouth",
                            "name": "data-datadisk-01",
                            "resource_group_name": "test_mvp",
                            "storage_account_type": "Standard_LRS",
                            "tags.%": "0"
                        },
                        "meta": {},
                        "tainted": false
                    },
                    "deposed": [],
                    "provider": "provider.azurerm"
                },
                "azurerm_managed_disk.public_datadisk": {
                    "type": "azurerm_managed_disk",
                    "depends_on": [
                        "azurerm_resource_group.rg"
                    ],
                    "primary": {
                        "id": "/subscriptions/72aa545d-e1e2-4b4e-ade4-34ef397aca13/resourceGroups/test_mvp/providers/Microsoft.Compute/disks/public-datadisk-01",
                        "attributes": {
                            "create_option": "Empty",
                            "disk_size_gb": "10",
                            "id": "/subscriptions/72aa545d-e1e2-4b4e-ade4-34ef397aca13/resourceGroups/test_mvp/providers/Microsoft.Compute/disks/public-datadisk-01",
                            "location": "uksouth",
                            "name": "public-datadisk-01",
                            "resource_group_name": "test_mvp",
                            "storage_account_type": "Standard_LRS",
                            "tags.%": "0"
                        },
                        "meta": {},
                        "tainted": false
                    },
                    "deposed": [],
                    "provider": "provider.azurerm"
                },
                "azurerm_network_interface.app_nic": {
                    "type": "azurerm_network_interface",
                    "depends_on": [
                        "azurerm_network_security_group.private_sg",
                        "azurerm_resource_group.rg",
                        "azurerm_subnet.subnet_app"
                    ],
                    "primary": {
                        "id": "/subscriptions/72aa545d-e1e2-4b4e-ade4-34ef397aca13/resourceGroups/test_mvp/providers/Microsoft.Network/networkInterfaces/lpg-app-nic-01",
                        "attributes": {
                            "applied_dns_servers.#": "0",
                            "dns_servers.#": "0",
                            "enable_accelerated_networking": "false",
                            "enable_ip_forwarding": "false",
                            "id": "/subscriptions/72aa545d-e1e2-4b4e-ade4-34ef397aca13/resourceGroups/test_mvp/providers/Microsoft.Network/networkInterfaces/lpg-app-nic-01",
                            "internal_dns_name_label": "",
                            "ip_configuration.#": "1",
                            "ip_configuration.0.load_balancer_backend_address_pools_ids.#": "0",
                            "ip_configuration.0.load_balancer_inbound_nat_rules_ids.#": "0",
                            "ip_configuration.0.name": "lpg-app-ipconfig",
                            "ip_configuration.0.primary": "true",
                            "ip_configuration.0.private_ip_address": "",
                            "ip_configuration.0.private_ip_address_allocation": "dynamic",
                            "ip_configuration.0.public_ip_address_id": "",
                            "ip_configuration.0.subnet_id": "/subscriptions/72aa545d-e1e2-4b4e-ade4-34ef397aca13/resourceGroups/test_mvp/providers/Microsoft.Network/virtualNetworks/vnet/subnets/lpgsubnet_app",
                            "location": "uksouth",
                            "name": "lpg-app-nic-01",
                            "network_security_group_id": "/subscriptions/72aa545d-e1e2-4b4e-ade4-34ef397aca13/resourceGroups/test_mvp/providers/Microsoft.Network/networkSecurityGroups/PrivateSecurityGroup1",
                            "private_ip_address": "10.0.11.4",
                            "private_ip_addresses.#": "1",
                            "private_ip_addresses.0": "10.0.11.4",
                            "resource_group_name": "test_mvp",
                            "tags.%": "0"
                        },
                        "meta": {},
                        "tainted": false
                    },
                    "deposed": [],
                    "provider": "provider.azurerm"
                },
                "azurerm_network_interface.data_nic": {
                    "type": "azurerm_network_interface",
                    "depends_on": [
                        "azurerm_network_security_group.private_sg",
                        "azurerm_public_ip.data_pip.*",
                        "azurerm_resource_group.rg",
                        "azurerm_subnet.subnet_data"
                    ],
                    "primary": {
                        "id": "/subscriptions/72aa545d-e1e2-4b4e-ade4-34ef397aca13/resourceGroups/test_mvp/providers/Microsoft.Network/networkInterfaces/lpg-data-nic-01",
                        "attributes": {
                            "applied_dns_servers.#": "0",
                            "dns_servers.#": "0",
                            "enable_accelerated_networking": "false",
                            "enable_ip_forwarding": "false",
                            "id": "/subscriptions/72aa545d-e1e2-4b4e-ade4-34ef397aca13/resourceGroups/test_mvp/providers/Microsoft.Network/networkInterfaces/lpg-data-nic-01",
                            "internal_dns_name_label": "",
                            "ip_configuration.#": "1",
                            "ip_configuration.0.load_balancer_backend_address_pools_ids.#": "0",
                            "ip_configuration.0.load_balancer_inbound_nat_rules_ids.#": "0",
                            "ip_configuration.0.name": "lpg-data-ipconfig",
                            "ip_configuration.0.primary": "true",
                            "ip_configuration.0.private_ip_address": "",
                            "ip_configuration.0.private_ip_address_allocation": "dynamic",
                            "ip_configuration.0.public_ip_address_id": "/subscriptions/72aa545d-e1e2-4b4e-ade4-34ef397aca13/resourceGroups/test_mvp/providers/Microsoft.Network/publicIPAddresses/lpg-data-ip-01",
                            "ip_configuration.0.subnet_id": "/subscriptions/72aa545d-e1e2-4b4e-ade4-34ef397aca13/resourceGroups/test_mvp/providers/Microsoft.Network/virtualNetworks/vnet/subnets/lpgsubnet_data",
                            "location": "uksouth",
                            "name": "lpg-data-nic-01",
                            "network_security_group_id": "/subscriptions/72aa545d-e1e2-4b4e-ade4-34ef397aca13/resourceGroups/test_mvp/providers/Microsoft.Network/networkSecurityGroups/PrivateSecurityGroup1",
                            "private_ip_address": "10.0.12.4",
                            "private_ip_addresses.#": "1",
                            "private_ip_addresses.0": "10.0.12.4",
                            "resource_group_name": "test_mvp",
                            "tags.%": "0"
                        },
                        "meta": {},
                        "tainted": false
                    },
                    "deposed": [],
                    "provider": "provider.azurerm"
                },
                "azurerm_network_interface.public_nic": {
                    "type": "azurerm_network_interface",
                    "depends_on": [
                        "azurerm_network_security_group.public_sg",
                        "azurerm_public_ip.public_pip.*",
                        "azurerm_resource_group.rg",
                        "azurerm_subnet.subnet_public"
                    ],
                    "primary": {
                        "id": "/subscriptions/72aa545d-e1e2-4b4e-ade4-34ef397aca13/resourceGroups/test_mvp/providers/Microsoft.Network/networkInterfaces/lpg-public-nic-01",
                        "attributes": {
                            "applied_dns_servers.#": "0",
                            "dns_servers.#": "0",
                            "enable_accelerated_networking": "false",
                            "enable_ip_forwarding": "false",
                            "id": "/subscriptions/72aa545d-e1e2-4b4e-ade4-34ef397aca13/resourceGroups/test_mvp/providers/Microsoft.Network/networkInterfaces/lpg-public-nic-01",
                            "internal_dns_name_label": "",
                            "ip_configuration.#": "1",
                            "ip_configuration.0.load_balancer_backend_address_pools_ids.#": "0",
                            "ip_configuration.0.load_balancer_inbound_nat_rules_ids.#": "0",
                            "ip_configuration.0.name": "lpg-public-ipconfig",
                            "ip_configuration.0.primary": "true",
                            "ip_configuration.0.private_ip_address": "",
                            "ip_configuration.0.private_ip_address_allocation": "dynamic",
                            "ip_configuration.0.public_ip_address_id": "/subscriptions/72aa545d-e1e2-4b4e-ade4-34ef397aca13/resourceGroups/test_mvp/providers/Microsoft.Network/publicIPAddresses/lpg-public-ip-01",
                            "ip_configuration.0.subnet_id": "/subscriptions/72aa545d-e1e2-4b4e-ade4-34ef397aca13/resourceGroups/test_mvp/providers/Microsoft.Network/virtualNetworks/vnet/subnets/lpgsubnet_public",
                            "location": "uksouth",
                            "name": "lpg-public-nic-01",
                            "network_security_group_id": "/subscriptions/72aa545d-e1e2-4b4e-ade4-34ef397aca13/resourceGroups/test_mvp/providers/Microsoft.Network/networkSecurityGroups/PublicSecurityGroup1",
                            "private_ip_address": "10.0.10.4",
                            "private_ip_addresses.#": "1",
                            "private_ip_addresses.0": "10.0.10.4",
                            "resource_group_name": "test_mvp",
                            "tags.%": "0"
                        },
                        "meta": {},
                        "tainted": false
                    },
                    "deposed": [],
                    "provider": "provider.azurerm"
                },
                "azurerm_network_security_group.private_sg": {
                    "type": "azurerm_network_security_group",
                    "depends_on": [
                        "azurerm_resource_group.rg"
                    ],
                    "primary": {
                        "id": "/subscriptions/72aa545d-e1e2-4b4e-ade4-34ef397aca13/resourceGroups/test_mvp/providers/Microsoft.Network/networkSecurityGroups/PrivateSecurityGroup1",
                        "attributes": {
                            "id": "/subscriptions/72aa545d-e1e2-4b4e-ade4-34ef397aca13/resourceGroups/test_mvp/providers/Microsoft.Network/networkSecurityGroups/PrivateSecurityGroup1",
                            "location": "uksouth",
                            "name": "PrivateSecurityGroup1",
                            "resource_group_name": "test_mvp",
                            "security_rule.#": "0",
                            "tags.%": "0"
                        },
                        "meta": {},
                        "tainted": false
                    },
                    "deposed": [],
                    "provider": "provider.azurerm"
                },
                "azurerm_network_security_group.public_sg": {
                    "type": "azurerm_network_security_group",
                    "depends_on": [
                        "azurerm_resource_group.rg"
                    ],
                    "primary": {
                        "id": "/subscriptions/72aa545d-e1e2-4b4e-ade4-34ef397aca13/resourceGroups/test_mvp/providers/Microsoft.Network/networkSecurityGroups/PublicSecurityGroup1",
                        "attributes": {
                            "id": "/subscriptions/72aa545d-e1e2-4b4e-ade4-34ef397aca13/resourceGroups/test_mvp/providers/Microsoft.Network/networkSecurityGroups/PublicSecurityGroup1",
                            "location": "uksouth",
                            "name": "PublicSecurityGroup1",
                            "resource_group_name": "test_mvp",
                            "security_rule.#": "0",
                            "tags.%": "0"
                        },
                        "meta": {},
                        "tainted": false
                    },
                    "deposed": [],
                    "provider": "provider.azurerm"
                },
                "azurerm_network_security_rule.dgraph": {
                    "type": "azurerm_network_security_rule",
                    "depends_on": [
                        "azurerm_network_security_group.private_sg",
                        "azurerm_resource_group.rg"
                    ],
                    "primary": {
                        "id": "/subscriptions/72aa545d-e1e2-4b4e-ade4-34ef397aca13/resourceGroups/test_mvp/providers/Microsoft.Network/networkSecurityGroups/PrivateSecurityGroup1/securityRules/dgraph",
                        "attributes": {
                            "access": "Allow",
                            "description": "",
                            "destination_address_prefix": "*",
                            "destination_port_range": "8080-8081",
                            "direction": "Inbound",
                            "id": "/subscriptions/72aa545d-e1e2-4b4e-ade4-34ef397aca13/resourceGroups/test_mvp/providers/Microsoft.Network/networkSecurityGroups/PrivateSecurityGroup1/securityRules/dgraph",
                            "name": "dgraph",
                            "network_security_group_name": "PrivateSecurityGroup1",
                            "priority": "102",
                            "protocol": "Tcp",
                            "resource_group_name": "test_mvp",
                            "source_address_prefix": "*",
                            "source_port_range": "*"
                        },
                        "meta": {},
                        "tainted": false
                    },
                    "deposed": [],
                    "provider": "provider.azurerm"
                },
                "azurerm_network_security_rule.http": {
                    "type": "azurerm_network_security_rule",
                    "depends_on": [
                        "azurerm_network_security_group.public_sg",
                        "azurerm_resource_group.rg"
                    ],
                    "primary": {
                        "id": "/subscriptions/72aa545d-e1e2-4b4e-ade4-34ef397aca13/resourceGroups/test_mvp/providers/Microsoft.Network/networkSecurityGroups/PublicSecurityGroup1/securityRules/http",
                        "attributes": {
                            "access": "Allow",
                            "description": "",
                            "destination_address_prefix": "0.0.0.0/0",
                            "destination_port_range": "80",
                            "direction": "Inbound",
                            "id": "/subscriptions/72aa545d-e1e2-4b4e-ade4-34ef397aca13/resourceGroups/test_mvp/providers/Microsoft.Network/networkSecurityGroups/PublicSecurityGroup1/securityRules/http",
                            "name": "http",
                            "network_security_group_name": "PublicSecurityGroup1",
                            "priority": "102",
                            "protocol": "Tcp",
                            "resource_group_name": "test_mvp",
                            "source_address_prefix": "0.0.0.0/0",
                            "source_port_range": "*"
                        },
                        "meta": {},
                        "tainted": false
                    },
                    "deposed": [],
                    "provider": "provider.azurerm"
                },
                "azurerm_network_security_rule.https": {
                    "type": "azurerm_network_security_rule",
                    "depends_on": [
                        "azurerm_network_security_group.public_sg",
                        "azurerm_resource_group.rg"
                    ],
                    "primary": {
                        "id": "/subscriptions/72aa545d-e1e2-4b4e-ade4-34ef397aca13/resourceGroups/test_mvp/providers/Microsoft.Network/networkSecurityGroups/PublicSecurityGroup1/securityRules/https",
                        "attributes": {
                            "access": "Allow",
                            "description": "",
                            "destination_address_prefix": "0.0.0.0/0",
                            "destination_port_range": "443",
                            "direction": "Inbound",
                            "id": "/subscriptions/72aa545d-e1e2-4b4e-ade4-34ef397aca13/resourceGroups/test_mvp/providers/Microsoft.Network/networkSecurityGroups/PublicSecurityGroup1/securityRules/https",
                            "name": "https",
                            "network_security_group_name": "PublicSecurityGroup1",
                            "priority": "103",
                            "protocol": "Tcp",
                            "resource_group_name": "test_mvp",
                            "source_address_prefix": "0.0.0.0/0",
                            "source_port_range": "*"
                        },
                        "meta": {},
                        "tainted": false
                    },
                    "deposed": [],
                    "provider": "provider.azurerm"
                },
                "azurerm_network_security_rule.internal_all": {
                    "type": "azurerm_network_security_rule",
                    "depends_on": [
                        "azurerm_network_security_group.private_sg",
                        "azurerm_resource_group.rg"
                    ],
                    "primary": {
                        "id": "/subscriptions/72aa545d-e1e2-4b4e-ade4-34ef397aca13/resourceGroups/test_mvp/providers/Microsoft.Network/networkSecurityGroups/PrivateSecurityGroup1/securityRules/internal_all",
                        "attributes": {
                            "access": "Allow",
                            "description": "",
                            "destination_address_prefix": "10.0.0.0/16",
                            "destination_port_range": "*",
                            "direction": "Inbound",
                            "id": "/subscriptions/72aa545d-e1e2-4b4e-ade4-34ef397aca13/resourceGroups/test_mvp/providers/Microsoft.Network/networkSecurityGroups/PrivateSecurityGroup1/securityRules/internal_all",
                            "name": "internal_all",
                            "network_security_group_name": "PrivateSecurityGroup1",
                            "priority": "101",
                            "protocol": "Tcp",
                            "resource_group_name": "test_mvp",
                            "source_address_prefix": "10.0.0.0/16",
                            "source_port_range": "*"
                        },
                        "meta": {},
                        "tainted": false
                    },
                    "deposed": [],
                    "provider": "provider.azurerm"
                },
                "azurerm_network_security_rule.ssh": {
                    "type": "azurerm_network_security_rule",
                    "depends_on": [
                        "azurerm_network_security_group.public_sg",
                        "azurerm_resource_group.rg"
                    ],
                    "primary": {
                        "id": "/subscriptions/72aa545d-e1e2-4b4e-ade4-34ef397aca13/resourceGroups/test_mvp/providers/Microsoft.Network/networkSecurityGroups/PublicSecurityGroup1/securityRules/ssh",
                        "attributes": {
                            "access": "Allow",
                            "description": "",
                            "destination_address_prefix": "0.0.0.0/0",
                            "destination_port_range": "22",
                            "direction": "Inbound",
                            "id": "/subscriptions/72aa545d-e1e2-4b4e-ade4-34ef397aca13/resourceGroups/test_mvp/providers/Microsoft.Network/networkSecurityGroups/PublicSecurityGroup1/securityRules/ssh",
                            "name": "ssh",
                            "network_security_group_name": "PublicSecurityGroup1",
                            "priority": "101",
                            "protocol": "Tcp",
                            "resource_group_name": "test_mvp",
                            "source_address_prefix": "0.0.0.0/0",
                            "source_port_range": "*"
                        },
                        "meta": {},
                        "tainted": false
                    },
                    "deposed": [],
                    "provider": "provider.azurerm"
                },
                "azurerm_network_security_rule.wso2": {
                    "type": "azurerm_network_security_rule",
                    "depends_on": [
                        "azurerm_network_security_group.public_sg",
                        "azurerm_resource_group.rg"
                    ],
                    "primary": {
                        "id": "/subscriptions/72aa545d-e1e2-4b4e-ade4-34ef397aca13/resourceGroups/test_mvp/providers/Microsoft.Network/networkSecurityGroups/PublicSecurityGroup1/securityRules/wso2",
                        "attributes": {
                            "access": "Allow",
                            "description": "",
                            "destination_address_prefix": "0.0.0.0/0",
                            "destination_port_range": "9443",
                            "direction": "Inbound",
                            "id": "/subscriptions/72aa545d-e1e2-4b4e-ade4-34ef397aca13/resourceGroups/test_mvp/providers/Microsoft.Network/networkSecurityGroups/PublicSecurityGroup1/securityRules/wso2",
                            "name": "wso2",
                            "network_security_group_name": "PublicSecurityGroup1",
                            "priority": "104",
                            "protocol": "Tcp",
                            "resource_group_name": "test_mvp",
                            "source_address_prefix": "0.0.0.0/0",
                            "source_port_range": "*"
                        },
                        "meta": {},
                        "tainted": false
                    },
                    "deposed": [],
                    "provider": "provider.azurerm"
                },
                "azurerm_public_ip.data_pip": {
                    "type": "azurerm_public_ip",
                    "depends_on": [
                        "azurerm_resource_group.rg"
                    ],
                    "primary": {
                        "id": "/subscriptions/72aa545d-e1e2-4b4e-ade4-34ef397aca13/resourceGroups/test_mvp/providers/Microsoft.Network/publicIPAddresses/lpg-data-ip-01",
                        "attributes": {
                            "domain_name_label": "data-test-lpg",
                            "fqdn": "data-test-lpg.uksouth.cloudapp.azure.com",
                            "id": "/subscriptions/72aa545d-e1e2-4b4e-ade4-34ef397aca13/resourceGroups/test_mvp/providers/Microsoft.Network/publicIPAddresses/lpg-data-ip-01",
                            "location": "uksouth",
                            "name": "lpg-data-ip-01",
                            "public_ip_address_allocation": "dynamic",
                            "resource_group_name": "test_mvp",
                            "tags.%": "0"
                        },
                        "meta": {},
                        "tainted": false
                    },
                    "deposed": [],
                    "provider": "provider.azurerm"
                },
                "azurerm_public_ip.public_pip": {
                    "type": "azurerm_public_ip",
                    "depends_on": [
                        "azurerm_resource_group.rg"
                    ],
                    "primary": {
                        "id": "/subscriptions/72aa545d-e1e2-4b4e-ade4-34ef397aca13/resourceGroups/test_mvp/providers/Microsoft.Network/publicIPAddresses/lpg-public-ip-01",
                        "attributes": {
                            "domain_name_label": "test-lpg",
                            "fqdn": "test-lpg.uksouth.cloudapp.azure.com",
                            "id": "/subscriptions/72aa545d-e1e2-4b4e-ade4-34ef397aca13/resourceGroups/test_mvp/providers/Microsoft.Network/publicIPAddresses/lpg-public-ip-01",
                            "location": "uksouth",
                            "name": "lpg-public-ip-01",
                            "public_ip_address_allocation": "dynamic",
                            "resource_group_name": "test_mvp",
                            "tags.%": "0"
                        },
                        "meta": {},
                        "tainted": false
                    },
                    "deposed": [],
                    "provider": "provider.azurerm"
                },
                "azurerm_resource_group.rg": {
                    "type": "azurerm_resource_group",
                    "depends_on": [],
                    "primary": {
                        "id": "/subscriptions/72aa545d-e1e2-4b4e-ade4-34ef397aca13/resourceGroups/test_mvp",
                        "attributes": {
                            "id": "/subscriptions/72aa545d-e1e2-4b4e-ade4-34ef397aca13/resourceGroups/test_mvp",
                            "location": "uksouth",
                            "name": "test_mvp",
                            "tags.%": "0"
                        },
                        "meta": {},
                        "tainted": false
                    },
                    "deposed": [],
                    "provider": "provider.azurerm"
                },
                "azurerm_subnet.subnet_app": {
                    "type": "azurerm_subnet",
                    "depends_on": [
                        "azurerm_resource_group.rg",
                        "azurerm_virtual_network.vnet"
                    ],
                    "primary": {
                        "id": "/subscriptions/72aa545d-e1e2-4b4e-ade4-34ef397aca13/resourceGroups/test_mvp/providers/Microsoft.Network/virtualNetworks/vnet/subnets/lpgsubnet_app",
                        "attributes": {
                            "address_prefix": "10.0.11.0/24",
                            "id": "/subscriptions/72aa545d-e1e2-4b4e-ade4-34ef397aca13/resourceGroups/test_mvp/providers/Microsoft.Network/virtualNetworks/vnet/subnets/lpgsubnet_app",
                            "ip_configurations.#": "0",
                            "name": "lpgsubnet_app",
                            "resource_group_name": "test_mvp",
                            "virtual_network_name": "vnet"
                        },
                        "meta": {},
                        "tainted": false
                    },
                    "deposed": [],
                    "provider": "provider.azurerm"
                },
                "azurerm_subnet.subnet_data": {
                    "type": "azurerm_subnet",
                    "depends_on": [
                        "azurerm_resource_group.rg",
                        "azurerm_virtual_network.vnet"
                    ],
                    "primary": {
                        "id": "/subscriptions/72aa545d-e1e2-4b4e-ade4-34ef397aca13/resourceGroups/test_mvp/providers/Microsoft.Network/virtualNetworks/vnet/subnets/lpgsubnet_data",
                        "attributes": {
                            "address_prefix": "10.0.12.0/24",
                            "id": "/subscriptions/72aa545d-e1e2-4b4e-ade4-34ef397aca13/resourceGroups/test_mvp/providers/Microsoft.Network/virtualNetworks/vnet/subnets/lpgsubnet_data",
                            "ip_configurations.#": "0",
                            "name": "lpgsubnet_data",
                            "resource_group_name": "test_mvp",
                            "virtual_network_name": "vnet"
                        },
                        "meta": {},
                        "tainted": false
                    },
                    "deposed": [],
                    "provider": "provider.azurerm"
                },
                "azurerm_subnet.subnet_public": {
                    "type": "azurerm_subnet",
                    "depends_on": [
                        "azurerm_resource_group.rg",
                        "azurerm_virtual_network.vnet"
                    ],
                    "primary": {
                        "id": "/subscriptions/72aa545d-e1e2-4b4e-ade4-34ef397aca13/resourceGroups/test_mvp/providers/Microsoft.Network/virtualNetworks/vnet/subnets/lpgsubnet_public",
                        "attributes": {
                            "address_prefix": "10.0.10.0/24",
                            "id": "/subscriptions/72aa545d-e1e2-4b4e-ade4-34ef397aca13/resourceGroups/test_mvp/providers/Microsoft.Network/virtualNetworks/vnet/subnets/lpgsubnet_public",
                            "ip_configurations.#": "0",
                            "name": "lpgsubnet_public",
                            "resource_group_name": "test_mvp",
                            "virtual_network_name": "vnet"
                        },
                        "meta": {},
                        "tainted": false
                    },
                    "deposed": [],
                    "provider": "provider.azurerm"
                },
                "azurerm_virtual_network.vnet": {
                    "type": "azurerm_virtual_network",
                    "depends_on": [
                        "azurerm_resource_group.rg"
                    ],
                    "primary": {
                        "id": "/subscriptions/72aa545d-e1e2-4b4e-ade4-34ef397aca13/resourceGroups/test_mvp/providers/Microsoft.Network/virtualNetworks/vnet",
                        "attributes": {
                            "address_space.#": "1",
                            "address_space.0": "10.0.0.0/16",
                            "dns_servers.#": "0",
                            "id": "/subscriptions/72aa545d-e1e2-4b4e-ade4-34ef397aca13/resourceGroups/test_mvp/providers/Microsoft.Network/virtualNetworks/vnet",
                            "location": "uksouth",
                            "name": "vnet",
                            "resource_group_name": "test_mvp",
                            "subnet.#": "0",
                            "tags.%": "0"
                        },
                        "meta": {},
                        "tainted": false
                    },
                    "deposed": [],
                    "provider": "provider.azurerm"
                }
            },
            "depends_on": []
        }
    ]
}
