{
    "version": 3,
    "terraform_version": "0.11.2",
    "serial": 3,
    "lineage": "f90572ae-19d8-43bf-ac4c-4cc70860d61d",
    "modules": [
        {
            "path": [
                "root"
            ],
            "outputs": {},
            "resources": {
                "azurerm_availability_set.app_avset": {
                    "type": "azurerm_availability_set",
                    "depends_on": [
                        "azurerm_resource_group.rg"
                    ],
                    "primary": {
                        "id": "/subscriptions/72aa545d-e1e2-4b4e-ade4-34ef397aca13/resourceGroups/test_mvp/providers/Microsoft.Compute/availabilitySets/lpgavset",
                        "attributes": {
                            "id": "/subscriptions/72aa545d-e1e2-4b4e-ade4-34ef397aca13/resourceGroups/test_mvp/providers/Microsoft.Compute/availabilitySets/lpgavset",
                            "location": "uksouth",
                            "managed": "true",
                            "name": "lpgavset",
                            "platform_fault_domain_count": "2",
                            "platform_update_domain_count": "2",
                            "resource_group_name": "test_mvp",
                            "tags.%": "0"
                        },
                        "meta": {},
                        "tainted": false
                    },
                    "deposed": [],
                    "provider": "provider.azurerm"
                },
                "azurerm_availability_set.data_avset": {
                    "type": "azurerm_availability_set",
                    "depends_on": [
                        "azurerm_resource_group.rg"
                    ],
                    "primary": {
                        "id": "/subscriptions/72aa545d-e1e2-4b4e-ade4-34ef397aca13/resourceGroups/test_mvp/providers/Microsoft.Compute/availabilitySets/lpgavset",
                        "attributes": {
                            "id": "/subscriptions/72aa545d-e1e2-4b4e-ade4-34ef397aca13/resourceGroups/test_mvp/providers/Microsoft.Compute/availabilitySets/lpgavset",
                            "location": "uksouth",
                            "managed": "true",
                            "name": "lpgavset",
                            "platform_fault_domain_count": "2",
                            "platform_update_domain_count": "2",
                            "resource_group_name": "test_mvp",
                            "tags.%": "0"
                        },
                        "meta": {},
                        "tainted": false
                    },
                    "deposed": [],
                    "provider": "provider.azurerm"
                },
                "azurerm_availability_set.public_avset": {
                    "type": "azurerm_availability_set",
                    "depends_on": [
                        "azurerm_resource_group.rg"
                    ],
                    "primary": {
                        "id": "/subscriptions/72aa545d-e1e2-4b4e-ade4-34ef397aca13/resourceGroups/test_mvp/providers/Microsoft.Compute/availabilitySets/lpgavset",
                        "attributes": {
                            "id": "/subscriptions/72aa545d-e1e2-4b4e-ade4-34ef397aca13/resourceGroups/test_mvp/providers/Microsoft.Compute/availabilitySets/lpgavset",
                            "location": "uksouth",
                            "managed": "true",
                            "name": "lpgavset",
                            "platform_fault_domain_count": "2",
                            "platform_update_domain_count": "2",
                            "resource_group_name": "test_mvp",
                            "tags.%": "0"
                        },
                        "meta": {},
                        "tainted": false
                    },
                    "deposed": [],
                    "provider": "provider.azurerm"
                },
                "azurerm_managed_disk.app_datadisk": {
                    "type": "azurerm_managed_disk",
                    "depends_on": [
                        "azurerm_resource_group.rg"
                    ],
                    "primary": {
                        "id": "/subscriptions/72aa545d-e1e2-4b4e-ade4-34ef397aca13/resourceGroups/test_mvp/providers/Microsoft.Compute/disks/app-datadisk-01",
                        "attributes": {
                            "create_option": "Empty",
                            "disk_size_gb": "10",
                            "id": "/subscriptions/72aa545d-e1e2-4b4e-ade4-34ef397aca13/resourceGroups/test_mvp/providers/Microsoft.Compute/disks/app-datadisk-01",
                            "location": "uksouth",
                            "name": "app-datadisk-01",
                            "resource_group_name": "test_mvp",
                            "storage_account_type": "Standard_LRS",
                            "tags.%": "0"
                        },
                        "meta": {},
                        "tainted": false
                    },
                    "deposed": [],
                    "provider": "provider.azurerm"
                },
                "azurerm_managed_disk.data_datadisk": {
                    "type": "azurerm_managed_disk",
                    "depends_on": [
                        "azurerm_resource_group.rg"
                    ],
                    "primary": {
                        "id": "/subscriptions/72aa545d-e1e2-4b4e-ade4-34ef397aca13/resourceGroups/test_mvp/providers/Microsoft.Compute/disks/data-datadisk-01",
                        "attributes": {
                            "create_option": "Empty",
                            "disk_size_gb": "10",
                            "id": "/subscriptions/72aa545d-e1e2-4b4e-ade4-34ef397aca13/resourceGroups/test_mvp/providers/Microsoft.Compute/disks/data-datadisk-01",
                            "location": "uksouth",
                            "name": "data-datadisk-01",
                            "resource_group_name": "test_mvp",
                            "storage_account_type": "Standard_LRS",
                            "tags.%": "0"
                        },
                        "meta": {},
                        "tainted": false
                    },
                    "deposed": [],
                    "provider": "provider.azurerm"
                },
                "azurerm_managed_disk.public_datadisk": {
                    "type": "azurerm_managed_disk",
                    "depends_on": [
                        "azurerm_resource_group.rg"
                    ],
                    "primary": {
                        "id": "/subscriptions/72aa545d-e1e2-4b4e-ade4-34ef397aca13/resourceGroups/test_mvp/providers/Microsoft.Compute/disks/public-datadisk-01",
                        "attributes": {
                            "create_option": "Empty",
                            "disk_size_gb": "10",
                            "id": "/subscriptions/72aa545d-e1e2-4b4e-ade4-34ef397aca13/resourceGroups/test_mvp/providers/Microsoft.Compute/disks/public-datadisk-01",
                            "location": "uksouth",
                            "name": "public-datadisk-01",
                            "resource_group_name": "test_mvp",
                            "storage_account_type": "Standard_LRS",
                            "tags.%": "0"
                        },
                        "meta": {},
                        "tainted": false
                    },
                    "deposed": [],
                    "provider": "provider.azurerm"
                },
                "azurerm_network_interface.app_nic": {
                    "type": "azurerm_network_interface",
                    "depends_on": [
                        "azurerm_network_security_group.private_sg",
                        "azurerm_resource_group.rg",
                        "azurerm_subnet.subnet_app"
                    ],
                    "primary": {
                        "id": "/subscriptions/72aa545d-e1e2-4b4e-ade4-34ef397aca13/resourceGroups/test_mvp/providers/Microsoft.Network/networkInterfaces/lpg-app-nic-01",
                        "attributes": {
                            "applied_dns_servers.#": "0",
                            "dns_servers.#": "0",
                            "enable_accelerated_networking": "false",
                            "enable_ip_forwarding": "false",
                            "id": "/subscriptions/72aa545d-e1e2-4b4e-ade4-34ef397aca13/resourceGroups/test_mvp/providers/Microsoft.Network/networkInterfaces/lpg-app-nic-01",
                            "internal_dns_name_label": "",
                            "ip_configuration.#": "1",
                            "ip_configuration.0.load_balancer_backend_address_pools_ids.#": "0",
                            "ip_configuration.0.load_balancer_inbound_nat_rules_ids.#": "0",
                            "ip_configuration.0.name": "lpg-app-ipconfig",
                            "ip_configuration.0.primary": "true",
                            "ip_configuration.0.private_ip_address": "",
                            "ip_configuration.0.private_ip_address_allocation": "dynamic",
                            "ip_configuration.0.public_ip_address_id": "",
                            "ip_configuration.0.subnet_id": "/subscriptions/72aa545d-e1e2-4b4e-ade4-34ef397aca13/resourceGroups/test_mvp/providers/Microsoft.Network/virtualNetworks/vnet/subnets/lpgsubnet_app",
                            "location": "uksouth",
                            "mac_address": "00-22-48-01-E3-7B",
                            "name": "lpg-app-nic-01",
                            "network_security_group_id": "/subscriptions/72aa545d-e1e2-4b4e-ade4-34ef397aca13/resourceGroups/test_mvp/providers/Microsoft.Network/networkSecurityGroups/PrivateSecurityGroup1",
                            "private_ip_address": "10.0.11.4",
                            "private_ip_addresses.#": "1",
                            "private_ip_addresses.0": "10.0.11.4",
                            "resource_group_name": "test_mvp",
                            "tags.%": "0",
                            "virtual_machine_id": "/subscriptions/72aa545d-e1e2-4b4e-ade4-34ef397aca13/resourceGroups/test_mvp/providers/Microsoft.Compute/virtualMachines/lpg-appvm-01"
                        },
                        "meta": {},
                        "tainted": false
                    },
                    "deposed": [],
                    "provider": "provider.azurerm"
                },
                "azurerm_network_interface.data_nic": {
                    "type": "azurerm_network_interface",
                    "depends_on": [
                        "azurerm_network_security_group.private_sg",
                        "azurerm_public_ip.data_pip.*",
                        "azurerm_resource_group.rg",
                        "azurerm_subnet.subnet_data"
                    ],
                    "primary": {
                        "id": "/subscriptions/72aa545d-e1e2-4b4e-ade4-34ef397aca13/resourceGroups/test_mvp/providers/Microsoft.Network/networkInterfaces/lpg-data-nic-01",
                        "attributes": {
                            "applied_dns_servers.#": "0",
                            "dns_servers.#": "0",
                            "enable_accelerated_networking": "false",
                            "enable_ip_forwarding": "false",
                            "id": "/subscriptions/72aa545d-e1e2-4b4e-ade4-34ef397aca13/resourceGroups/test_mvp/providers/Microsoft.Network/networkInterfaces/lpg-data-nic-01",
                            "internal_dns_name_label": "",
                            "ip_configuration.#": "1",
                            "ip_configuration.0.load_balancer_backend_address_pools_ids.#": "0",
                            "ip_configuration.0.load_balancer_inbound_nat_rules_ids.#": "0",
                            "ip_configuration.0.name": "lpg-data-ipconfig",
                            "ip_configuration.0.primary": "true",
                            "ip_configuration.0.private_ip_address": "",
                            "ip_configuration.0.private_ip_address_allocation": "dynamic",
                            "ip_configuration.0.public_ip_address_id": "/subscriptions/72aa545d-e1e2-4b4e-ade4-34ef397aca13/resourceGroups/test_mvp/providers/Microsoft.Network/publicIPAddresses/lpg-data-ip-01",
                            "ip_configuration.0.subnet_id": "/subscriptions/72aa545d-e1e2-4b4e-ade4-34ef397aca13/resourceGroups/test_mvp/providers/Microsoft.Network/virtualNetworks/vnet/subnets/lpgsubnet_data",
                            "location": "uksouth",
                            "mac_address": "00-22-48-01-E2-5F",
                            "name": "lpg-data-nic-01",
                            "network_security_group_id": "/subscriptions/72aa545d-e1e2-4b4e-ade4-34ef397aca13/resourceGroups/test_mvp/providers/Microsoft.Network/networkSecurityGroups/PrivateSecurityGroup1",
                            "private_ip_address": "10.0.12.4",
                            "private_ip_addresses.#": "1",
                            "private_ip_addresses.0": "10.0.12.4",
                            "resource_group_name": "test_mvp",
                            "tags.%": "0",
                            "virtual_machine_id": "/subscriptions/72aa545d-e1e2-4b4e-ade4-34ef397aca13/resourceGroups/test_mvp/providers/Microsoft.Compute/virtualMachines/lpg-datavm-01"
                        },
                        "meta": {},
                        "tainted": false
                    },
                    "deposed": [],
                    "provider": "provider.azurerm"
                },
                "azurerm_network_interface.public_nic": {
                    "type": "azurerm_network_interface",
                    "depends_on": [
                        "azurerm_network_security_group.public_sg",
                        "azurerm_public_ip.public_pip.*",
                        "azurerm_resource_group.rg",
                        "azurerm_subnet.subnet_public"
                    ],
                    "primary": {
                        "id": "/subscriptions/72aa545d-e1e2-4b4e-ade4-34ef397aca13/resourceGroups/test_mvp/providers/Microsoft.Network/networkInterfaces/lpg-public-nic-01",
                        "attributes": {
                            "applied_dns_servers.#": "0",
                            "dns_servers.#": "0",
                            "enable_accelerated_networking": "false",
                            "enable_ip_forwarding": "false",
                            "id": "/subscriptions/72aa545d-e1e2-4b4e-ade4-34ef397aca13/resourceGroups/test_mvp/providers/Microsoft.Network/networkInterfaces/lpg-public-nic-01",
                            "internal_dns_name_label": "",
                            "ip_configuration.#": "1",
                            "ip_configuration.0.load_balancer_backend_address_pools_ids.#": "0",
                            "ip_configuration.0.load_balancer_inbound_nat_rules_ids.#": "0",
                            "ip_configuration.0.name": "lpg-public-ipconfig",
                            "ip_configuration.0.primary": "true",
                            "ip_configuration.0.private_ip_address": "",
                            "ip_configuration.0.private_ip_address_allocation": "dynamic",
                            "ip_configuration.0.public_ip_address_id": "/subscriptions/72aa545d-e1e2-4b4e-ade4-34ef397aca13/resourceGroups/test_mvp/providers/Microsoft.Network/publicIPAddresses/lpg-public-ip-01",
                            "ip_configuration.0.subnet_id": "/subscriptions/72aa545d-e1e2-4b4e-ade4-34ef397aca13/resourceGroups/test_mvp/providers/Microsoft.Network/virtualNetworks/vnet/subnets/lpgsubnet_public",
                            "location": "uksouth",
                            "mac_address": "00-22-48-01-E5-20",
                            "name": "lpg-public-nic-01",
                            "network_security_group_id": "/subscriptions/72aa545d-e1e2-4b4e-ade4-34ef397aca13/resourceGroups/test_mvp/providers/Microsoft.Network/networkSecurityGroups/PublicSecurityGroup1",
                            "private_ip_address": "10.0.10.4",
                            "private_ip_addresses.#": "1",
                            "private_ip_addresses.0": "10.0.10.4",
                            "resource_group_name": "test_mvp",
                            "tags.%": "0",
                            "virtual_machine_id": "/subscriptions/72aa545d-e1e2-4b4e-ade4-34ef397aca13/resourceGroups/test_mvp/providers/Microsoft.Compute/virtualMachines/lpg-publicvm-01"
                        },
                        "meta": {},
                        "tainted": false
                    },
                    "deposed": [],
                    "provider": "provider.azurerm"
                },
                "azurerm_network_security_group.private_sg": {
                    "type": "azurerm_network_security_group",
                    "depends_on": [
                        "azurerm_resource_group.rg"
                    ],
                    "primary": {
                        "id": "/subscriptions/72aa545d-e1e2-4b4e-ade4-34ef397aca13/resourceGroups/test_mvp/providers/Microsoft.Network/networkSecurityGroups/PrivateSecurityGroup1",
                        "attributes": {
                            "id": "/subscriptions/72aa545d-e1e2-4b4e-ade4-34ef397aca13/resourceGroups/test_mvp/providers/Microsoft.Network/networkSecurityGroups/PrivateSecurityGroup1",
                            "location": "uksouth",
                            "name": "PrivateSecurityGroup1",
                            "resource_group_name": "test_mvp",
                            "security_rule.#": "2",
                            "security_rule.0.access": "Allow",
                            "security_rule.0.description": "",
                            "security_rule.0.destination_address_prefix": "*",
                            "security_rule.0.destination_port_range": "8080-8081",
                            "security_rule.0.direction": "Inbound",
                            "security_rule.0.name": "dgraph",
                            "security_rule.0.priority": "102",
                            "security_rule.0.protocol": "Tcp",
                            "security_rule.0.source_address_prefix": "*",
                            "security_rule.0.source_port_range": "*",
                            "security_rule.1.access": "Allow",
                            "security_rule.1.description": "",
                            "security_rule.1.destination_address_prefix": "10.0.0.0/16",
                            "security_rule.1.destination_port_range": "*",
                            "security_rule.1.direction": "Inbound",
                            "security_rule.1.name": "internal_all",
                            "security_rule.1.priority": "101",
                            "security_rule.1.protocol": "Tcp",
                            "security_rule.1.source_address_prefix": "10.0.0.0/16",
                            "security_rule.1.source_port_range": "*",
                            "tags.%": "0"
                        },
                        "meta": {},
                        "tainted": false
                    },
                    "deposed": [],
                    "provider": "provider.azurerm"
                },
                "azurerm_network_security_group.public_sg": {
                    "type": "azurerm_network_security_group",
                    "depends_on": [
                        "azurerm_resource_group.rg"
                    ],
                    "primary": {
                        "id": "/subscriptions/72aa545d-e1e2-4b4e-ade4-34ef397aca13/resourceGroups/test_mvp/providers/Microsoft.Network/networkSecurityGroups/PublicSecurityGroup1",
                        "attributes": {
                            "id": "/subscriptions/72aa545d-e1e2-4b4e-ade4-34ef397aca13/resourceGroups/test_mvp/providers/Microsoft.Network/networkSecurityGroups/PublicSecurityGroup1",
                            "location": "uksouth",
                            "name": "PublicSecurityGroup1",
                            "resource_group_name": "test_mvp",
                            "security_rule.#": "4",
                            "security_rule.0.access": "Allow",
                            "security_rule.0.description": "",
                            "security_rule.0.destination_address_prefix": "0.0.0.0/0",
                            "security_rule.0.destination_port_range": "22",
                            "security_rule.0.direction": "Inbound",
                            "security_rule.0.name": "ssh",
                            "security_rule.0.priority": "101",
                            "security_rule.0.protocol": "Tcp",
                            "security_rule.0.source_address_prefix": "0.0.0.0/0",
                            "security_rule.0.source_port_range": "*",
                            "security_rule.1.access": "Allow",
                            "security_rule.1.description": "",
                            "security_rule.1.destination_address_prefix": "0.0.0.0/0",
                            "security_rule.1.destination_port_range": "9443",
                            "security_rule.1.direction": "Inbound",
                            "security_rule.1.name": "wso2",
                            "security_rule.1.priority": "104",
                            "security_rule.1.protocol": "Tcp",
                            "security_rule.1.source_address_prefix": "0.0.0.0/0",
                            "security_rule.1.source_port_range": "*",
                            "security_rule.2.access": "Allow",
                            "security_rule.2.description": "",
                            "security_rule.2.destination_address_prefix": "0.0.0.0/0",
                            "security_rule.2.destination_port_range": "443",
                            "security_rule.2.direction": "Inbound",
                            "security_rule.2.name": "https",
                            "security_rule.2.priority": "103",
                            "security_rule.2.protocol": "Tcp",
                            "security_rule.2.source_address_prefix": "0.0.0.0/0",
                            "security_rule.2.source_port_range": "*",
                            "security_rule.3.access": "Allow",
                            "security_rule.3.description": "",
                            "security_rule.3.destination_address_prefix": "0.0.0.0/0",
                            "security_rule.3.destination_port_range": "80",
                            "security_rule.3.direction": "Inbound",
                            "security_rule.3.name": "http",
                            "security_rule.3.priority": "102",
                            "security_rule.3.protocol": "Tcp",
                            "security_rule.3.source_address_prefix": "0.0.0.0/0",
                            "security_rule.3.source_port_range": "*",
                            "tags.%": "0"
                        },
                        "meta": {},
                        "tainted": false
                    },
                    "deposed": [],
                    "provider": "provider.azurerm"
                },
                "azurerm_network_security_rule.dgraph": {
                    "type": "azurerm_network_security_rule",
                    "depends_on": [
                        "azurerm_network_security_group.private_sg",
                        "azurerm_resource_group.rg"
                    ],
                    "primary": {
                        "id": "/subscriptions/72aa545d-e1e2-4b4e-ade4-34ef397aca13/resourceGroups/test_mvp/providers/Microsoft.Network/networkSecurityGroups/PrivateSecurityGroup1/securityRules/dgraph",
                        "attributes": {
                            "access": "Allow",
                            "description": "",
                            "destination_address_prefix": "*",
                            "destination_port_range": "8080-8081",
                            "direction": "Inbound",
                            "id": "/subscriptions/72aa545d-e1e2-4b4e-ade4-34ef397aca13/resourceGroups/test_mvp/providers/Microsoft.Network/networkSecurityGroups/PrivateSecurityGroup1/securityRules/dgraph",
                            "name": "dgraph",
                            "network_security_group_name": "PrivateSecurityGroup1",
                            "priority": "102",
                            "protocol": "Tcp",
                            "resource_group_name": "test_mvp",
                            "source_address_prefix": "*",
                            "source_port_range": "*"
                        },
                        "meta": {},
                        "tainted": false
                    },
                    "deposed": [],
                    "provider": "provider.azurerm"
                },
                "azurerm_network_security_rule.http": {
                    "type": "azurerm_network_security_rule",
                    "depends_on": [
                        "azurerm_network_security_group.public_sg",
                        "azurerm_resource_group.rg"
                    ],
                    "primary": {
                        "id": "/subscriptions/72aa545d-e1e2-4b4e-ade4-34ef397aca13/resourceGroups/test_mvp/providers/Microsoft.Network/networkSecurityGroups/PublicSecurityGroup1/securityRules/http",
                        "attributes": {
                            "access": "Allow",
                            "description": "",
                            "destination_address_prefix": "0.0.0.0/0",
                            "destination_port_range": "80",
                            "direction": "Inbound",
                            "id": "/subscriptions/72aa545d-e1e2-4b4e-ade4-34ef397aca13/resourceGroups/test_mvp/providers/Microsoft.Network/networkSecurityGroups/PublicSecurityGroup1/securityRules/http",
                            "name": "http",
                            "network_security_group_name": "PublicSecurityGroup1",
                            "priority": "102",
                            "protocol": "Tcp",
                            "resource_group_name": "test_mvp",
                            "source_address_prefix": "0.0.0.0/0",
                            "source_port_range": "*"
                        },
                        "meta": {},
                        "tainted": false
                    },
                    "deposed": [],
                    "provider": "provider.azurerm"
                },
                "azurerm_network_security_rule.https": {
                    "type": "azurerm_network_security_rule",
                    "depends_on": [
                        "azurerm_network_security_group.public_sg",
                        "azurerm_resource_group.rg"
                    ],
                    "primary": {
                        "id": "/subscriptions/72aa545d-e1e2-4b4e-ade4-34ef397aca13/resourceGroups/test_mvp/providers/Microsoft.Network/networkSecurityGroups/PublicSecurityGroup1/securityRules/https",
                        "attributes": {
                            "access": "Allow",
                            "description": "",
                            "destination_address_prefix": "0.0.0.0/0",
                            "destination_port_range": "443",
                            "direction": "Inbound",
                            "id": "/subscriptions/72aa545d-e1e2-4b4e-ade4-34ef397aca13/resourceGroups/test_mvp/providers/Microsoft.Network/networkSecurityGroups/PublicSecurityGroup1/securityRules/https",
                            "name": "https",
                            "network_security_group_name": "PublicSecurityGroup1",
                            "priority": "103",
                            "protocol": "Tcp",
                            "resource_group_name": "test_mvp",
                            "source_address_prefix": "0.0.0.0/0",
                            "source_port_range": "*"
                        },
                        "meta": {},
                        "tainted": false
                    },
                    "deposed": [],
                    "provider": "provider.azurerm"
                },
                "azurerm_network_security_rule.internal_all": {
                    "type": "azurerm_network_security_rule",
                    "depends_on": [
                        "azurerm_network_security_group.private_sg",
                        "azurerm_resource_group.rg"
                    ],
                    "primary": {
                        "id": "/subscriptions/72aa545d-e1e2-4b4e-ade4-34ef397aca13/resourceGroups/test_mvp/providers/Microsoft.Network/networkSecurityGroups/PrivateSecurityGroup1/securityRules/internal_all",
                        "attributes": {
                            "access": "Allow",
                            "description": "",
                            "destination_address_prefix": "10.0.0.0/16",
                            "destination_port_range": "*",
                            "direction": "Inbound",
                            "id": "/subscriptions/72aa545d-e1e2-4b4e-ade4-34ef397aca13/resourceGroups/test_mvp/providers/Microsoft.Network/networkSecurityGroups/PrivateSecurityGroup1/securityRules/internal_all",
                            "name": "internal_all",
                            "network_security_group_name": "PrivateSecurityGroup1",
                            "priority": "101",
                            "protocol": "Tcp",
                            "resource_group_name": "test_mvp",
                            "source_address_prefix": "10.0.0.0/16",
                            "source_port_range": "*"
                        },
                        "meta": {},
                        "tainted": false
                    },
                    "deposed": [],
                    "provider": "provider.azurerm"
                },
                "azurerm_network_security_rule.ssh": {
                    "type": "azurerm_network_security_rule",
                    "depends_on": [
                        "azurerm_network_security_group.public_sg",
                        "azurerm_resource_group.rg"
                    ],
                    "primary": {
                        "id": "/subscriptions/72aa545d-e1e2-4b4e-ade4-34ef397aca13/resourceGroups/test_mvp/providers/Microsoft.Network/networkSecurityGroups/PublicSecurityGroup1/securityRules/ssh",
                        "attributes": {
                            "access": "Allow",
                            "description": "",
                            "destination_address_prefix": "0.0.0.0/0",
                            "destination_port_range": "22",
                            "direction": "Inbound",
                            "id": "/subscriptions/72aa545d-e1e2-4b4e-ade4-34ef397aca13/resourceGroups/test_mvp/providers/Microsoft.Network/networkSecurityGroups/PublicSecurityGroup1/securityRules/ssh",
                            "name": "ssh",
                            "network_security_group_name": "PublicSecurityGroup1",
                            "priority": "101",
                            "protocol": "Tcp",
                            "resource_group_name": "test_mvp",
                            "source_address_prefix": "0.0.0.0/0",
                            "source_port_range": "*"
                        },
                        "meta": {},
                        "tainted": false
                    },
                    "deposed": [],
                    "provider": "provider.azurerm"
                },
                "azurerm_public_ip.data_pip": {
                    "type": "azurerm_public_ip",
                    "depends_on": [
                        "azurerm_resource_group.rg"
                    ],
                    "primary": {
                        "id": "/subscriptions/72aa545d-e1e2-4b4e-ade4-34ef397aca13/resourceGroups/test_mvp/providers/Microsoft.Network/publicIPAddresses/lpg-data-ip-01",
                        "attributes": {
                            "domain_name_label": "data-test-lpg",
                            "fqdn": "data-test-lpg.uksouth.cloudapp.azure.com",
                            "id": "/subscriptions/72aa545d-e1e2-4b4e-ade4-34ef397aca13/resourceGroups/test_mvp/providers/Microsoft.Network/publicIPAddresses/lpg-data-ip-01",
                            "ip_address": "51.140.33.11",
                            "location": "uksouth",
                            "name": "lpg-data-ip-01",
                            "public_ip_address_allocation": "dynamic",
                            "resource_group_name": "test_mvp",
                            "tags.%": "0"
                        },
                        "meta": {},
                        "tainted": false
                    },
                    "deposed": [],
                    "provider": "provider.azurerm"
                },
                "azurerm_public_ip.public_pip": {
                    "type": "azurerm_public_ip",
                    "depends_on": [
                        "azurerm_resource_group.rg"
                    ],
                    "primary": {
                        "id": "/subscriptions/72aa545d-e1e2-4b4e-ade4-34ef397aca13/resourceGroups/test_mvp/providers/Microsoft.Network/publicIPAddresses/lpg-public-ip-01",
                        "attributes": {
                            "domain_name_label": "test-lpg",
                            "fqdn": "test-lpg.uksouth.cloudapp.azure.com",
                            "id": "/subscriptions/72aa545d-e1e2-4b4e-ade4-34ef397aca13/resourceGroups/test_mvp/providers/Microsoft.Network/publicIPAddresses/lpg-public-ip-01",
                            "ip_address": "51.140.33.165",
                            "location": "uksouth",
                            "name": "lpg-public-ip-01",
                            "public_ip_address_allocation": "dynamic",
                            "resource_group_name": "test_mvp",
                            "tags.%": "0"
                        },
                        "meta": {},
                        "tainted": false
                    },
                    "deposed": [],
                    "provider": "provider.azurerm"
                },
                "azurerm_resource_group.rg": {
                    "type": "azurerm_resource_group",
                    "depends_on": [],
                    "primary": {
                        "id": "/subscriptions/72aa545d-e1e2-4b4e-ade4-34ef397aca13/resourceGroups/test_mvp",
                        "attributes": {
                            "id": "/subscriptions/72aa545d-e1e2-4b4e-ade4-34ef397aca13/resourceGroups/test_mvp",
                            "location": "uksouth",
                            "name": "test_mvp",
                            "tags.%": "0"
                        },
                        "meta": {},
                        "tainted": false
                    },
                    "deposed": [],
                    "provider": "provider.azurerm"
                },
                "azurerm_storage_account.stor": {
                    "type": "azurerm_storage_account",
                    "depends_on": [
                        "azurerm_resource_group.rg"
                    ],
                    "primary": {
                        "id": "/subscriptions/72aa545d-e1e2-4b4e-ade4-34ef397aca13/resourceGroups/test_mvp/providers/Microsoft.Storage/storageAccounts/testlpgstor",
                        "attributes": {
                            "access_tier": "",
                            "account_encryption_source": "Microsoft.Storage",
                            "account_kind": "Storage",
                            "account_replication_type": "LRS",
                            "account_tier": "Standard",
                            "account_type": "Standard_LRS",
                            "enable_blob_encryption": "true",
                            "enable_file_encryption": "true",
                            "enable_https_traffic_only": "false",
                            "id": "/subscriptions/72aa545d-e1e2-4b4e-ade4-34ef397aca13/resourceGroups/test_mvp/providers/Microsoft.Storage/storageAccounts/testlpgstor",
                            "location": "uksouth",
                            "name": "testlpgstor",
                            "primary_access_key": "gW8/LiKpxatZWPCYUrpLydCqejUoP9XlJcGbEhdqc90ee9bWUHDHrX2307h88m3iVEjxtGj46vzK3nn7Nw7Lhg==",
                            "primary_blob_connection_string": "DefaultEndpointsProtocol=https;BlobEndpoint=https://testlpgstor.blob.core.windows.net/;AccountName=testlpgstor;AccountKey=gW8/LiKpxatZWPCYUrpLydCqejUoP9XlJcGbEhdqc90ee9bWUHDHrX2307h88m3iVEjxtGj46vzK3nn7Nw7Lhg==",
                            "primary_blob_endpoint": "https://testlpgstor.blob.core.windows.net/",
                            "primary_connection_string": "DefaultEndpointsProtocol=https;AccountName=testlpgstor;AccountKey=gW8/LiKpxatZWPCYUrpLydCqejUoP9XlJcGbEhdqc90ee9bWUHDHrX2307h88m3iVEjxtGj46vzK3nn7Nw7Lhg==;EndpointSuffix=core.windows.net",
                            "primary_file_endpoint": "https://testlpgstor.file.core.windows.net/",
                            "primary_location": "uksouth",
                            "primary_queue_endpoint": "https://testlpgstor.queue.core.windows.net/",
                            "primary_table_endpoint": "https://testlpgstor.table.core.windows.net/",
                            "resource_group_name": "test_mvp",
                            "secondary_access_key": "ezLz671g/7FDG1QIPpin/FaX+ZHCWFlQ8M7qQConxGChJdBtN0jl57YwtBQOCpS/HFZSYamwiIx33Af2AUJq3g==",
                            "secondary_connection_string": "DefaultEndpointsProtocol=https;AccountName=testlpgstor;AccountKey=ezLz671g/7FDG1QIPpin/FaX+ZHCWFlQ8M7qQConxGChJdBtN0jl57YwtBQOCpS/HFZSYamwiIx33Af2AUJq3g==;EndpointSuffix=core.windows.net",
                            "secondary_location": "",
                            "tags.%": "0"
                        },
                        "meta": {
                            "schema_version": "2"
                        },
                        "tainted": false
                    },
                    "deposed": [],
                    "provider": "provider.azurerm"
                },
                "azurerm_subnet.subnet_app": {
                    "type": "azurerm_subnet",
                    "depends_on": [
                        "azurerm_resource_group.rg",
                        "azurerm_virtual_network.vnet"
                    ],
                    "primary": {
                        "id": "/subscriptions/72aa545d-e1e2-4b4e-ade4-34ef397aca13/resourceGroups/test_mvp/providers/Microsoft.Network/virtualNetworks/vnet/subnets/lpgsubnet_app",
                        "attributes": {
                            "address_prefix": "10.0.11.0/24",
                            "id": "/subscriptions/72aa545d-e1e2-4b4e-ade4-34ef397aca13/resourceGroups/test_mvp/providers/Microsoft.Network/virtualNetworks/vnet/subnets/lpgsubnet_app",
                            "ip_configurations.#": "1",
                            "ip_configurations.3596375863": "/subscriptions/72aa545d-e1e2-4b4e-ade4-34ef397aca13/resourceGroups/test_mvp/providers/Microsoft.Network/networkInterfaces/lpg-app-nic-01/ipConfigurations/lpg-app-ipconfig",
                            "name": "lpgsubnet_app",
                            "resource_group_name": "test_mvp",
                            "virtual_network_name": "vnet"
                        },
                        "meta": {},
                        "tainted": false
                    },
                    "deposed": [],
                    "provider": "provider.azurerm"
                },
                "azurerm_subnet.subnet_data": {
                    "type": "azurerm_subnet",
                    "depends_on": [
                        "azurerm_resource_group.rg",
                        "azurerm_virtual_network.vnet"
                    ],
                    "primary": {
                        "id": "/subscriptions/72aa545d-e1e2-4b4e-ade4-34ef397aca13/resourceGroups/test_mvp/providers/Microsoft.Network/virtualNetworks/vnet/subnets/lpgsubnet_data",
                        "attributes": {
                            "address_prefix": "10.0.12.0/24",
                            "id": "/subscriptions/72aa545d-e1e2-4b4e-ade4-34ef397aca13/resourceGroups/test_mvp/providers/Microsoft.Network/virtualNetworks/vnet/subnets/lpgsubnet_data",
                            "ip_configurations.#": "1",
                            "ip_configurations.1046133961": "/subscriptions/72aa545d-e1e2-4b4e-ade4-34ef397aca13/resourceGroups/test_mvp/providers/Microsoft.Network/networkInterfaces/lpg-data-nic-01/ipConfigurations/lpg-data-ipconfig",
                            "name": "lpgsubnet_data",
                            "resource_group_name": "test_mvp",
                            "virtual_network_name": "vnet"
                        },
                        "meta": {},
                        "tainted": false
                    },
                    "deposed": [],
                    "provider": "provider.azurerm"
                },
                "azurerm_subnet.subnet_public": {
                    "type": "azurerm_subnet",
                    "depends_on": [
                        "azurerm_resource_group.rg",
                        "azurerm_virtual_network.vnet"
                    ],
                    "primary": {
                        "id": "/subscriptions/72aa545d-e1e2-4b4e-ade4-34ef397aca13/resourceGroups/test_mvp/providers/Microsoft.Network/virtualNetworks/vnet/subnets/lpgsubnet_public",
                        "attributes": {
                            "address_prefix": "10.0.10.0/24",
                            "id": "/subscriptions/72aa545d-e1e2-4b4e-ade4-34ef397aca13/resourceGroups/test_mvp/providers/Microsoft.Network/virtualNetworks/vnet/subnets/lpgsubnet_public",
                            "ip_configurations.#": "1",
                            "ip_configurations.2091186244": "/subscriptions/72aa545d-e1e2-4b4e-ade4-34ef397aca13/resourceGroups/test_mvp/providers/Microsoft.Network/networkInterfaces/lpg-public-nic-01/ipConfigurations/lpg-public-ipconfig",
                            "name": "lpgsubnet_public",
                            "resource_group_name": "test_mvp",
                            "virtual_network_name": "vnet"
                        },
                        "meta": {},
                        "tainted": false
                    },
                    "deposed": [],
                    "provider": "provider.azurerm"
                },
                "azurerm_virtual_machine.app_vm": {
                    "type": "azurerm_virtual_machine",
                    "depends_on": [
                        "azurerm_availability_set.app_avset",
                        "azurerm_network_interface.app_nic.*",
                        "azurerm_resource_group.rg",
                        "azurerm_storage_account.stor"
                    ],
                    "primary": {
                        "id": "/subscriptions/72aa545d-e1e2-4b4e-ade4-34ef397aca13/resourceGroups/test_mvp/providers/Microsoft.Compute/virtualMachines/lpg-appvm-01",
                        "attributes": {
                            "availability_set_id": "/subscriptions/72aa545d-e1e2-4b4e-ade4-34ef397aca13/resourcegroups/test_mvp/providers/microsoft.compute/availabilitysets/lpgavset",
                            "boot_diagnostics.#": "1",
                            "boot_diagnostics.0.enabled": "true",
                            "boot_diagnostics.0.storage_uri": "https://testlpgstor.blob.core.windows.net/",
                            "delete_data_disks_on_termination": "false",
                            "delete_os_disk_on_termination": "false",
                            "id": "/subscriptions/72aa545d-e1e2-4b4e-ade4-34ef397aca13/resourceGroups/test_mvp/providers/Microsoft.Compute/virtualMachines/lpg-appvm-01",
                            "identity.#": "0",
                            "location": "uksouth",
                            "name": "lpg-appvm-01",
                            "network_interface_ids.#": "1",
                            "network_interface_ids.0": "/subscriptions/72aa545d-e1e2-4b4e-ade4-34ef397aca13/resourceGroups/test_mvp/providers/Microsoft.Network/networkInterfaces/lpg-app-nic-01",
                            "os_profile.#": "1",
                            "os_profile.3086076042.admin_password": "",
                            "os_profile.3086076042.admin_username": "lpg",
                            "os_profile.3086076042.computer_name": "app-01",
                            "os_profile.3086076042.custom_data": "",
                            "os_profile_linux_config.#": "1",
                            "os_profile_linux_config.69840937.disable_password_authentication": "true",
                            "os_profile_linux_config.69840937.ssh_keys.#": "1",
                            "os_profile_linux_config.69840937.ssh_keys.0.key_data": "ssh-rsa AAAAB3NzaC1yc2EAAAADAQABAAABAQDAp2bhqIZCvmAfFlY0j3vnWpZYqM1rf5pkK5jIUNv5MvFyWoMKtCvYz7asGYC57eJWThVKxd3O7EeRXTkku2AEEqoeMAcFy+zbo0dlWshG8X6+SJm17uvZwDOCYQsE2rqU8OtOKCRD16aj6L1eOUM5SM201S7kCuhgteIUkqYITo+9DogLFJek68tMmhiH90jKURVLFCWMDpocOjG59mAN9RmoHB9iDo4ExnV24ALhFXce7x4RiKy6Ri82Xda+wPy97o6Af3IjpzFv7uThtSMWuFU2+qJCqiOO1iekqRgWobFiesnMZUlPZ71ehKHDQ5dUyxmLtwJX+Et6iDfqpPIP superroot@MBP-SR1.local",
                            "os_profile_linux_config.69840937.ssh_keys.0.path": "/home/lpg/.ssh/authorized_keys",
                            "os_profile_secrets.#": "0",
                            "resource_group_name": "test_mvp",
                            "storage_data_disk.#": "0",
                            "storage_image_reference.#": "1",
                            "storage_image_reference.1458860473.id": "",
                            "storage_image_reference.1458860473.offer": "UbuntuServer",
                            "storage_image_reference.1458860473.publisher": "Canonical",
                            "storage_image_reference.1458860473.sku": "16.04-LTS",
                            "storage_image_reference.1458860473.version": "latest",
                            "storage_os_disk.#": "1",
                            "storage_os_disk.0.caching": "ReadWrite",
                            "storage_os_disk.0.create_option": "FromImage",
                            "storage_os_disk.0.disk_size_gb": "30",
                            "storage_os_disk.0.image_uri": "",
                            "storage_os_disk.0.managed_disk_id": "/subscriptions/72aa545d-e1e2-4b4e-ade4-34ef397aca13/resourceGroups/test_mvp/providers/Microsoft.Compute/disks/app-osdisk-01",
                            "storage_os_disk.0.managed_disk_type": "Standard_LRS",
                            "storage_os_disk.0.name": "app-osdisk-01",
                            "storage_os_disk.0.os_type": "Linux",
                            "storage_os_disk.0.vhd_uri": "",
                            "tags.%": "0",
                            "vm_size": "Standard_A1_v2"
                        },
                        "meta": {},
                        "tainted": false
                    },
                    "deposed": [],
                    "provider": "provider.azurerm"
                },
                "azurerm_virtual_machine.data_vm": {
                    "type": "azurerm_virtual_machine",
                    "depends_on": [
                        "azurerm_availability_set.data_avset",
                        "azurerm_network_interface.data_nic.*",
                        "azurerm_resource_group.rg",
                        "azurerm_storage_account.stor"
                    ],
                    "primary": {
                        "id": "/subscriptions/72aa545d-e1e2-4b4e-ade4-34ef397aca13/resourceGroups/test_mvp/providers/Microsoft.Compute/virtualMachines/lpg-datavm-01",
                        "attributes": {
                            "availability_set_id": "/subscriptions/72aa545d-e1e2-4b4e-ade4-34ef397aca13/resourcegroups/test_mvp/providers/microsoft.compute/availabilitysets/lpgavset",
                            "boot_diagnostics.#": "1",
                            "boot_diagnostics.0.enabled": "true",
                            "boot_diagnostics.0.storage_uri": "https://testlpgstor.blob.core.windows.net/",
                            "delete_data_disks_on_termination": "false",
                            "delete_os_disk_on_termination": "false",
                            "id": "/subscriptions/72aa545d-e1e2-4b4e-ade4-34ef397aca13/resourceGroups/test_mvp/providers/Microsoft.Compute/virtualMachines/lpg-datavm-01",
                            "identity.#": "0",
                            "location": "uksouth",
                            "name": "lpg-datavm-01",
                            "network_interface_ids.#": "1",
                            "network_interface_ids.0": "/subscriptions/72aa545d-e1e2-4b4e-ade4-34ef397aca13/resourceGroups/test_mvp/providers/Microsoft.Network/networkInterfaces/lpg-data-nic-01",
                            "os_profile.#": "1",
                            "os_profile.1343946342.admin_password": "",
                            "os_profile.1343946342.admin_username": "lpg",
                            "os_profile.1343946342.computer_name": "data-01",
                            "os_profile.1343946342.custom_data": "",
                            "os_profile_linux_config.#": "1",
                            "os_profile_linux_config.69840937.disable_password_authentication": "true",
                            "os_profile_linux_config.69840937.ssh_keys.#": "1",
                            "os_profile_linux_config.69840937.ssh_keys.0.key_data": "ssh-rsa AAAAB3NzaC1yc2EAAAADAQABAAABAQDAp2bhqIZCvmAfFlY0j3vnWpZYqM1rf5pkK5jIUNv5MvFyWoMKtCvYz7asGYC57eJWThVKxd3O7EeRXTkku2AEEqoeMAcFy+zbo0dlWshG8X6+SJm17uvZwDOCYQsE2rqU8OtOKCRD16aj6L1eOUM5SM201S7kCuhgteIUkqYITo+9DogLFJek68tMmhiH90jKURVLFCWMDpocOjG59mAN9RmoHB9iDo4ExnV24ALhFXce7x4RiKy6Ri82Xda+wPy97o6Af3IjpzFv7uThtSMWuFU2+qJCqiOO1iekqRgWobFiesnMZUlPZ71ehKHDQ5dUyxmLtwJX+Et6iDfqpPIP superroot@MBP-SR1.local",
                            "os_profile_linux_config.69840937.ssh_keys.0.path": "/home/lpg/.ssh/authorized_keys",
                            "os_profile_secrets.#": "0",
                            "resource_group_name": "test_mvp",
                            "storage_data_disk.#": "0",
                            "storage_image_reference.#": "1",
                            "storage_image_reference.1458860473.id": "",
                            "storage_image_reference.1458860473.offer": "UbuntuServer",
                            "storage_image_reference.1458860473.publisher": "Canonical",
                            "storage_image_reference.1458860473.sku": "16.04-LTS",
                            "storage_image_reference.1458860473.version": "latest",
                            "storage_os_disk.#": "1",
                            "storage_os_disk.0.caching": "ReadWrite",
                            "storage_os_disk.0.create_option": "FromImage",
                            "storage_os_disk.0.disk_size_gb": "30",
                            "storage_os_disk.0.image_uri": "",
                            "storage_os_disk.0.managed_disk_id": "/subscriptions/72aa545d-e1e2-4b4e-ade4-34ef397aca13/resourceGroups/test_mvp/providers/Microsoft.Compute/disks/data-osdisk-01",
                            "storage_os_disk.0.managed_disk_type": "Standard_LRS",
                            "storage_os_disk.0.name": "data-osdisk-01",
                            "storage_os_disk.0.os_type": "Linux",
                            "storage_os_disk.0.vhd_uri": "",
                            "tags.%": "0",
                            "vm_size": "Standard_A2_v2"
                        },
                        "meta": {},
                        "tainted": false
                    },
                    "deposed": [],
                    "provider": "provider.azurerm"
                },
                "azurerm_virtual_machine.public_vm": {
                    "type": "azurerm_virtual_machine",
                    "depends_on": [
                        "azurerm_availability_set.public_avset",
                        "azurerm_network_interface.public_nic.*",
                        "azurerm_resource_group.rg",
                        "azurerm_storage_account.stor"
                    ],
                    "primary": {
                        "id": "/subscriptions/72aa545d-e1e2-4b4e-ade4-34ef397aca13/resourceGroups/test_mvp/providers/Microsoft.Compute/virtualMachines/lpg-publicvm-01",
                        "attributes": {
                            "availability_set_id": "/subscriptions/72aa545d-e1e2-4b4e-ade4-34ef397aca13/resourcegroups/test_mvp/providers/microsoft.compute/availabilitysets/lpgavset",
                            "boot_diagnostics.#": "1",
                            "boot_diagnostics.0.enabled": "true",
                            "boot_diagnostics.0.storage_uri": "https://testlpgstor.blob.core.windows.net/",
                            "delete_data_disks_on_termination": "false",
                            "delete_os_disk_on_termination": "false",
                            "id": "/subscriptions/72aa545d-e1e2-4b4e-ade4-34ef397aca13/resourceGroups/test_mvp/providers/Microsoft.Compute/virtualMachines/lpg-publicvm-01",
                            "identity.#": "0",
                            "location": "uksouth",
                            "name": "lpg-publicvm-01",
                            "network_interface_ids.#": "1",
                            "network_interface_ids.0": "/subscriptions/72aa545d-e1e2-4b4e-ade4-34ef397aca13/resourceGroups/test_mvp/providers/Microsoft.Network/networkInterfaces/lpg-public-nic-01",
                            "os_profile.#": "1",
                            "os_profile.1255687422.admin_password": "",
                            "os_profile.1255687422.admin_username": "lpg",
                            "os_profile.1255687422.computer_name": "public-01",
                            "os_profile.1255687422.custom_data": "",
                            "os_profile_linux_config.#": "1",
                            "os_profile_linux_config.69840937.disable_password_authentication": "true",
                            "os_profile_linux_config.69840937.ssh_keys.#": "1",
                            "os_profile_linux_config.69840937.ssh_keys.0.key_data": "ssh-rsa AAAAB3NzaC1yc2EAAAADAQABAAABAQDAp2bhqIZCvmAfFlY0j3vnWpZYqM1rf5pkK5jIUNv5MvFyWoMKtCvYz7asGYC57eJWThVKxd3O7EeRXTkku2AEEqoeMAcFy+zbo0dlWshG8X6+SJm17uvZwDOCYQsE2rqU8OtOKCRD16aj6L1eOUM5SM201S7kCuhgteIUkqYITo+9DogLFJek68tMmhiH90jKURVLFCWMDpocOjG59mAN9RmoHB9iDo4ExnV24ALhFXce7x4RiKy6Ri82Xda+wPy97o6Af3IjpzFv7uThtSMWuFU2+qJCqiOO1iekqRgWobFiesnMZUlPZ71ehKHDQ5dUyxmLtwJX+Et6iDfqpPIP superroot@MBP-SR1.local",
                            "os_profile_linux_config.69840937.ssh_keys.0.path": "/home/lpg/.ssh/authorized_keys",
                            "os_profile_secrets.#": "0",
                            "resource_group_name": "test_mvp",
                            "storage_data_disk.#": "0",
                            "storage_image_reference.#": "1",
                            "storage_image_reference.1458860473.id": "",
                            "storage_image_reference.1458860473.offer": "UbuntuServer",
                            "storage_image_reference.1458860473.publisher": "Canonical",
                            "storage_image_reference.1458860473.sku": "16.04-LTS",
                            "storage_image_reference.1458860473.version": "latest",
                            "storage_os_disk.#": "1",
                            "storage_os_disk.0.caching": "ReadWrite",
                            "storage_os_disk.0.create_option": "FromImage",
                            "storage_os_disk.0.disk_size_gb": "30",
                            "storage_os_disk.0.image_uri": "",
                            "storage_os_disk.0.managed_disk_id": "/subscriptions/72aa545d-e1e2-4b4e-ade4-34ef397aca13/resourceGroups/test_mvp/providers/Microsoft.Compute/disks/public-osdisk-01",
                            "storage_os_disk.0.managed_disk_type": "Standard_LRS",
                            "storage_os_disk.0.name": "public-osdisk-01",
                            "storage_os_disk.0.os_type": "Linux",
                            "storage_os_disk.0.vhd_uri": "",
                            "tags.%": "0",
                            "vm_size": "Standard_A1_v2"
                        },
                        "meta": {},
                        "tainted": false
                    },
                    "deposed": [],
                    "provider": "provider.azurerm"
                },
                "azurerm_virtual_network.vnet": {
                    "type": "azurerm_virtual_network",
                    "depends_on": [
                        "azurerm_resource_group.rg"
                    ],
                    "primary": {
                        "id": "/subscriptions/72aa545d-e1e2-4b4e-ade4-34ef397aca13/resourceGroups/test_mvp/providers/Microsoft.Network/virtualNetworks/vnet",
                        "attributes": {
                            "address_space.#": "1",
                            "address_space.0": "10.0.0.0/16",
                            "dns_servers.#": "0",
                            "id": "/subscriptions/72aa545d-e1e2-4b4e-ade4-34ef397aca13/resourceGroups/test_mvp/providers/Microsoft.Network/virtualNetworks/vnet",
                            "location": "uksouth",
                            "name": "vnet",
                            "resource_group_name": "test_mvp",
                            "subnet.#": "3",
                            "subnet.1862856294.address_prefix": "10.0.12.0/24",
                            "subnet.1862856294.name": "lpgsubnet_data",
                            "subnet.1862856294.security_group": "",
                            "subnet.4091866050.address_prefix": "10.0.11.0/24",
                            "subnet.4091866050.name": "lpgsubnet_app",
                            "subnet.4091866050.security_group": "",
                            "subnet.94323588.address_prefix": "10.0.10.0/24",
                            "subnet.94323588.name": "lpgsubnet_public",
                            "subnet.94323588.security_group": "",
                            "tags.%": "0"
                        },
                        "meta": {},
                        "tainted": false
                    },
                    "deposed": [],
                    "provider": "provider.azurerm"
                }
            },
            "depends_on": []
        }
    ]
}
